
Microsoft Visual Studio Solution File, Format Version 12.00
# Visual Studio Version 17
VisualStudioVersion = 17.0.31903.59
MinimumVisualStudioVersion = 10.0.40219.1
Project("{9A19103F-16F7-4668-BE54-9A1E7A4F7556}") = "TextProcessor.Core", "TextProcessor.Core\TextProcessor.Core.csproj", "{5FC25A5A-3AE3-4F19-98C7-6F0485215CB0}"
EndProject
Project("{9A19103F-16F7-4668-BE54-9A1E7A4F7556}") = "TextProcessor.Tests", "TextProcessor.Tests\TextProcessor.Tests.csproj", "{6035B43D-E817-4B7E-95EB-267F202A48BA}"
EndProject
Project("{9A19103F-16F7-4668-BE54-9A1E7A4F7556}") = "TextProcessor.App", "TextProcessor.App\TextProcessor.App.csproj", "{187AD91A-84BA-4817-8FCA-8285C61BA56C}"
EndProject
Project("{FAE04EC0-301F-11D3-BF4B-00C04F79EFBC}") = "ProfileTest", "ProfileTest\ProfileTest.csproj", "{E476A37F-DB86-4B5B-B518-6856AF039481}"
EndProject
Global
	GlobalSection(SolutionConfigurationPlatforms) = preSolution
		Debug|Any CPU = Debug|Any CPU
		Release|Any CPU = Release|Any CPU
	EndGlobalSection
	GlobalSection(ProjectConfigurationPlatforms) = postSolution
		{5FC25A5A-3AE3-4F19-98C7-6F0485215CB0}.Debug|Any CPU.ActiveCfg = Debug|Any CPU
		{5FC25A5A-3AE3-4F19-98C7-6F0485215CB0}.Debug|Any CPU.Build.0 = Debug|Any CPU
		{5FC25A5A-3AE3-4F19-98C7-6F0485215CB0}.Release|Any CPU.ActiveCfg = Release|Any CPU
		{5FC25A5A-3AE3-4F19-98C7-6F0485215CB0}.Release|Any CPU.Build.0 = Release|Any CPU
		{6035B43D-E817-4B7E-95EB-267F202A48BA}.Debug|Any CPU.ActiveCfg = Debug|Any CPU
		{6035B43D-E817-4B7E-95EB-267F202A48BA}.Debug|Any CPU.Build.0 = Debug|Any CPU
		{6035B43D-E817-4B7E-95EB-267F202A48BA}.Release|Any CPU.ActiveCfg = Release|Any CPU
		{6035B43D-E817-4B7E-95EB-267F202A48BA}.Release|Any CPU.Build.0 = Release|Any CPU
		{187AD91A-84BA-4817-8FCA-8285C61BA56C}.Debug|Any CPU.ActiveCfg = Debug|Any CPU
		{187AD91A-84BA-4817-8FCA-8285C61BA56C}.Debug|Any CPU.Build.0 = Debug|Any CPU
		{187AD91A-84BA-4817-8FCA-8285C61BA56C}.Release|Any CPU.ActiveCfg = Release|Any CPU
		{187AD91A-84BA-4817-8FCA-8285C61BA56C}.Release|Any CPU.Build.0 = Release|Any CPU
		{E476A37F-DB86-4B5B-B518-6856AF039481}.Debug|Any CPU.ActiveCfg = Debug|Any CPU
		{E476A37F-DB86-4B5B-B518-6856AF039481}.Debug|Any CPU.Build.0 = Debug|Any CPU
		{E476A37F-DB86-4B5B-B518-6856AF039481}.Release|Any CPU.ActiveCfg = Release|Any CPU
		{E476A37F-DB86-4B5B-B518-6856AF039481}.Release|Any CPU.Build.0 = Release|Any CPU
	EndGlobalSection
	GlobalSection(SolutionProperties) = preSolution
		HideSolutionNode = FALSE
	EndGlobalSection
	GlobalSection(ExtensibilityGlobals) = postSolution
		SolutionGuid = {2095C536-7A8C-46F4-8C24-38D3A6B94525}
	EndGlobalSection
EndGlobal
